// !$*UTF8*$!
{
	archiveVersion = 1;
	classes = {
	};
	objectVersion = 46;
	objects = {

/* Begin PBXBuildFile section */
		4506C3441B562323007BF92C /* AppDelegate.swift in Sources */ = {isa = PBXBuildFile; fileRef = 4506C3431B562323007BF92C /* AppDelegate.swift */; };
		4506C3461B562323007BF92C /* RecordSoundsViewController.swift in Sources */ = {isa = PBXBuildFile; fileRef = 4506C3451B562323007BF92C /* RecordSoundsViewController.swift */; };
		4506C3491B562323007BF92C /* Main.storyboard in Resources */ = {isa = PBXBuildFile; fileRef = 4506C3471B562323007BF92C /* Main.storyboard */; };
		4506C34B1B562323007BF92C /* Images.xcassets in Resources */ = {isa = PBXBuildFile; fileRef = 4506C34A1B562323007BF92C /* Images.xcassets */; };
		4506C34E1B562323007BF92C /* LaunchScreen.xib in Resources */ = {isa = PBXBuildFile; fileRef = 4506C34C1B562323007BF92C /* LaunchScreen.xib */; };
		4506C35A1B562323007BF92C /* Pitch_PerfectTests.swift in Sources */ = {isa = PBXBuildFile; fileRef = 4506C3591B562323007BF92C /* Pitch_PerfectTests.swift */; };
		450FEEDA1B6B58D900E993D8 /* RecordedAudio.swift in Sources */ = {isa = PBXBuildFile; fileRef = 450FEED91B6B58D900E993D8 /* RecordedAudio.swift */; };
		452432C61B60D62A00852734 /* AudioEffectsViewController.swift in Sources */ = {isa = PBXBuildFile; fileRef = 452432C51B60D62A00852734 /* AudioEffectsViewController.swift */; };
/* End PBXBuildFile section */

/* Begin PBXContainerItemProxy section */
		4506C3541B562323007BF92C /* PBXContainerItemProxy */ = {
			isa = PBXContainerItemProxy;
			containerPortal = 4506C3361B562323007BF92C /* Project object */;
			proxyType = 1;
			remoteGlobalIDString = 4506C33D1B562323007BF92C;
			remoteInfo = "Pitch Perfect";
		};
/* End PBXContainerItemProxy section */

/* Begin PBXFileReference section */
		4506C33E1B562323007BF92C /* Pitch Perfect.app */ = {isa = PBXFileReference; explicitFileType = wrapper.application; includeInIndex = 0; path = "Pitch Perfect.app"; sourceTree = BUILT_PRODUCTS_DIR; };
		4506C3421B562323007BF92C /* Info.plist */ = {isa = PBXFileReference; lastKnownFileType = text.plist.xml; path = Info.plist; sourceTree = "<group>"; };
		4506C3431B562323007BF92C /* AppDelegate.swift */ = {isa = PBXFileReference; lastKnownFileType = sourcecode.swift; path = AppDelegate.swift; sourceTree = "<group>"; };
		4506C3451B562323007BF92C /* RecordSoundsViewController.swift */ = {isa = PBXFileReference; lastKnownFileType = sourcecode.swift; path = RecordSoundsViewController.swift; sourceTree = "<group>"; };
		4506C3481B562323007BF92C /* Base */ = {isa = PBXFileReference; lastKnownFileType = file.storyboard; name = Base; path = Base.lproj/Main.storyboard; sourceTree = "<group>"; };
		4506C34A1B562323007BF92C /* Images.xcassets */ = {isa = PBXFileReference; lastKnownFileType = folder.assetcatalog; path = Images.xcassets; sourceTree = "<group>"; };
		4506C34D1B562323007BF92C /* Base */ = {isa = PBXFileReference; lastKnownFileType = file.xib; name = Base; path = Base.lproj/LaunchScreen.xib; sourceTree = "<group>"; };
		4506C3531B562323007BF92C /* Pitch PerfectTests.xctest */ = {isa = PBXFileReference; explicitFileType = wrapper.cfbundle; includeInIndex = 0; path = "Pitch PerfectTests.xctest"; sourceTree = BUILT_PRODUCTS_DIR; };
		4506C3581B562323007BF92C /* Info.plist */ = {isa = PBXFileReference; lastKnownFileType = text.plist.xml; path = Info.plist; sourceTree = "<group>"; };
		4506C3591B562323007BF92C /* Pitch_PerfectTests.swift */ = {isa = PBXFileReference; lastKnownFileType = sourcecode.swift; path = Pitch_PerfectTests.swift; sourceTree = "<group>"; };
		450FEED91B6B58D900E993D8 /* RecordedAudio.swift */ = {isa = PBXFileReference; fileEncoding = 4; lastKnownFileType = sourcecode.swift; name = RecordedAudio.swift; path = ../RecordedAudio.swift; sourceTree = "<group>"; };
		452432C51B60D62A00852734 /* AudioEffectsViewController.swift */ = {isa = PBXFileReference; fileEncoding = 4; lastKnownFileType = sourcecode.swift; path = AudioEffectsViewController.swift; sourceTree = "<group>"; };
/* End PBXFileReference section */

/* Begin PBXFrameworksBuildPhase section */
		4506C33B1B562323007BF92C /* Frameworks */ = {
			isa = PBXFrameworksBuildPhase;
			buildActionMask = 2147483647;
			files = (
			);
			runOnlyForDeploymentPostprocessing = 0;
		};
		4506C3501B562323007BF92C /* Frameworks */ = {
			isa = PBXFrameworksBuildPhase;
			buildActionMask = 2147483647;
			files = (
			);
			runOnlyForDeploymentPostprocessing = 0;
		};
/* End PBXFrameworksBuildPhase section */

/* Begin PBXGroup section */
		4506C3351B562323007BF92C = {
			isa = PBXGroup;
			children = (
				4506C3401B562323007BF92C /* Pitch Perfect */,
				4506C3561B562323007BF92C /* Pitch PerfectTests */,
				4506C33F1B562323007BF92C /* Products */,
			);
			sourceTree = "<group>";
		};
		4506C33F1B562323007BF92C /* Products */ = {
			isa = PBXGroup;
			children = (
				4506C33E1B562323007BF92C /* Pitch Perfect.app */,
				4506C3531B562323007BF92C /* Pitch PerfectTests.xctest */,
			);
			name = Products;
			sourceTree = "<group>";
		};
		4506C3401B562323007BF92C /* Pitch Perfect */ = {
			isa = PBXGroup;
			children = (
				450FEED91B6B58D900E993D8 /* RecordedAudio.swift */,
				4506C3431B562323007BF92C /* AppDelegate.swift */,
				4506C3451B562323007BF92C /* RecordSoundsViewController.swift */,
				4506C3471B562323007BF92C /* Main.storyboard */,
				452432C51B60D62A00852734 /* AudioEffectsViewController.swift */,
				4506C34A1B562323007BF92C /* Images.xcassets */,
				4506C34C1B562323007BF92C /* LaunchScreen.xib */,
				4506C3411B562323007BF92C /* Supporting Files */,
			);
			path = "Pitch Perfect";
			sourceTree = "<group>";
		};
		4506C3411B562323007BF92C /* Supporting Files */ = {
			isa = PBXGroup;
			children = (
				4506C3421B562323007BF92C /* Info.plist */,
			);
			name = "Supporting Files";
			sourceTree = "<group>";
		};
		4506C3561B562323007BF92C /* Pitch PerfectTests */ = {
			isa = PBXGroup;
			children = (
				4506C3591B562323007BF92C /* Pitch_PerfectTests.swift */,
				4506C3571B562323007BF92C /* Supporting Files */,
			);
			path = "Pitch PerfectTests";
			sourceTree = "<group>";
		};
		4506C3571B562323007BF92C /* Supporting Files */ = {
			isa = PBXGroup;
			children = (
				4506C3581B562323007BF92C /* Info.plist */,
			);
			name = "Supporting Files";
			sourceTree = "<group>";
		};
/* End PBXGroup section */

/* Begin PBXNativeTarget section */
		4506C33D1B562323007BF92C /* Pitch Perfect */ = {
			isa = PBXNativeTarget;
			buildConfigurationList = 4506C35D1B562323007BF92C /* Build configuration list for PBXNativeTarget "Pitch Perfect" */;
			buildPhases = (
				4506C33A1B562323007BF92C /* Sources */,
				4506C33B1B562323007BF92C /* Frameworks */,
				4506C33C1B562323007BF92C /* Resources */,
			);
			buildRules = (
			);
			dependencies = (
			);
			name = "Pitch Perfect";
			productName = "Pitch Perfect";
			productReference = 4506C33E1B562323007BF92C /* Pitch Perfect.app */;
			productType = "com.apple.product-type.application";
		};
		4506C3521B562323007BF92C /* Pitch PerfectTests */ = {
			isa = PBXNativeTarget;
			buildConfigurationList = 4506C3601B562323007BF92C /* Build configuration list for PBXNativeTarget "Pitch PerfectTests" */;
			buildPhases = (
				4506C34F1B562323007BF92C /* Sources */,
				4506C3501B562323007BF92C /* Frameworks */,
				4506C3511B562323007BF92C /* Resources */,
			);
			buildRules = (
			);
			dependencies = (
				4506C3551B562323007BF92C /* PBXTargetDependency */,
			);
			name = "Pitch PerfectTests";
			productName = "Pitch PerfectTests";
			productReference = 4506C3531B562323007BF92C /* Pitch PerfectTests.xctest */;
			productType = "com.apple.product-type.bundle.unit-test";
		};
/* End PBXNativeTarget section */

/* Begin PBXProject section */
		4506C3361B562323007BF92C /* Project object */ = {
			isa = PBXProject;
			attributes = {
				LastUpgradeCheck = 0830;
				ORGANIZATIONNAME = "Chris Huang";
				TargetAttributes = {
					4506C33D1B562323007BF92C = {
						CreatedOnToolsVersion = 6.3.1;
						DevelopmentTeam = JJCX6Z6948;
						LastSwiftMigration = 0830;
					};
					4506C3521B562323007BF92C = {
						CreatedOnToolsVersion = 6.3.1;
						LastSwiftMigration = 0830;
						TestTargetID = 4506C33D1B562323007BF92C;
					};
				};
			};
			buildConfigurationList = 4506C3391B562323007BF92C /* Build configuration list for PBXProject "Pitch Perfect" */;
			compatibilityVersion = "Xcode 3.2";
			developmentRegion = English;
			hasScannedForEncodings = 0;
			knownRegions = (
				en,
				Base,
			);
			mainGroup = 4506C3351B562323007BF92C;
			productRefGroup = 4506C33F1B562323007BF92C /* Products */;
			projectDirPath = "";
			projectRoot = "";
			targets = (
				4506C33D1B562323007BF92C /* Pitch Perfect */,
				4506C3521B562323007BF92C /* Pitch PerfectTests */,
			);
		};
/* End PBXProject section */

/* Begin PBXResourcesBuildPhase section */
		4506C33C1B562323007BF92C /* Resources */ = {
			isa = PBXResourcesBuildPhase;
			buildActionMask = 2147483647;
			files = (
				4506C3491B562323007BF92C /* Main.storyboard in Resources */,
				4506C34E1B562323007BF92C /* LaunchScreen.xib in Resources */,
				4506C34B1B562323007BF92C /* Images.xcassets in Resources */,
			);
			runOnlyForDeploymentPostprocessing = 0;
		};
		4506C3511B562323007BF92C /* Resources */ = {
			isa = PBXResourcesBuildPhase;
			buildActionMask = 2147483647;
			files = (
			);
			runOnlyForDeploymentPostprocessing = 0;
		};
/* End PBXResourcesBuildPhase section */

/* Begin PBXSourcesBuildPhase section */
		4506C33A1B562323007BF92C /* Sources */ = {
			isa = PBXSourcesBuildPhase;
			buildActionMask = 2147483647;
			files = (
				450FEEDA1B6B58D900E993D8 /* RecordedAudio.swift in Sources */,
				4506C3461B562323007BF92C /* RecordSoundsViewController.swift in Sources */,
				452432C61B60D62A00852734 /* AudioEffectsViewController.swift in Sources */,
				4506C3441B562323007BF92C /* AppDelegate.swift in Sources */,
			);
			runOnlyForDeploymentPostprocessing = 0;
		};
		4506C34F1B562323007BF92C /* Sources */ = {
			isa = PBXSourcesBuildPhase;
			buildActionMask = 2147483647;
			files = (
				4506C35A1B562323007BF92C /* Pitch_PerfectTests.swift in Sources */,
			);
			runOnlyForDeploymentPostprocessing = 0;
		};
/* End PBXSourcesBuildPhase section */

/* Begin PBXTargetDependency section */
		4506C3551B562323007BF92C /* PBXTargetDependency */ = {
			isa = PBXTargetDependency;
			target = 4506C33D1B562323007BF92C /* Pitch Perfect */;
			targetProxy = 4506C3541B562323007BF92C /* PBXContainerItemProxy */;
		};
/* End PBXTargetDependency section */

/* Begin PBXVariantGroup section */
		4506C3471B562323007BF92C /* Main.storyboard */ = {
			isa = PBXVariantGroup;
			children = (
				4506C3481B562323007BF92C /* Base */,
			);
			name = Main.storyboard;
			sourceTree = "<group>";
		};
		4506C34C1B562323007BF92C /* LaunchScreen.xib */ = {
			isa = PBXVariantGroup;
			children = (
				4506C34D1B562323007BF92C /* Base */,
			);
			name = LaunchScreen.xib;
			sourceTree = "<group>";
		};
/* End PBXVariantGroup section */

/* Begin XCBuildConfiguration section */
		4506C35B1B562323007BF92C /* Debug */ = {
			isa = XCBuildConfiguration;
			buildSettings = {
				ALWAYS_SEARCH_USER_PATHS = NO;
				CLANG_CXX_LANGUAGE_STANDARD = "gnu++0x";
				CLANG_CXX_LIBRARY = "libc++";
				CLANG_ENABLE_MODULES = YES;
				CLANG_ENABLE_OBJC_ARC = YES;
				CLANG_WARN_BOOL_CONVERSION = YES;
				CLANG_WARN_CONSTANT_CONVERSION = YES;
				CLANG_WARN_DIRECT_OBJC_ISA_USAGE = YES_ERROR;
				CLANG_WARN_EMPTY_BODY = YES;
				CLANG_WARN_ENUM_CONVERSION = YES;
				CLANG_WARN_INFINITE_RECURSION = YES;
				CLANG_WARN_INT_CONVERSION = YES;
				CLANG_WARN_OBJC_ROOT_CLASS = YES_ERROR;
				CLANG_WARN_SUSPICIOUS_MOVE = YES;
				CLANG_WARN_UNREACHABLE_CODE = YES;
				CLANG_WARN__DUPLICATE_METHOD_MATCH = YES;
				"CODE_SIGN_IDENTITY[sdk=iphoneos*]" = "iPhone Developer";
				COPY_PHASE_STRIP = NO;
				DEBUG_INFORMATION_FORMAT = "dwarf-with-dsym";
				ENABLE_STRICT_OBJC_MSGSEND = YES;
				ENABLE_TESTABILITY = YES;
				GCC_C_LANGUAGE_STANDARD = gnu99;
				GCC_DYNAMIC_NO_PIC = NO;
				GCC_NO_COMMON_BLOCKS = YES;
				GCC_OPTIMIZATION_LEVEL = 0;
				GCC_PREPROCESSOR_DEFINITIONS = (
					"DEBUG=1",
					"$(inherited)",
				);
				GCC_SYMBOLS_PRIVATE_EXTERN = NO;
				GCC_WARN_64_TO_32_BIT_CONVERSION = YES;
				GCC_WARN_ABOUT_RETURN_TYPE = YES_ERROR;
				GCC_WARN_UNDECLARED_SELECTOR = YES;
				GCC_WARN_UNINITIALIZED_AUTOS = YES_AGGRESSIVE;
				GCC_WARN_UNUSED_FUNCTION = YES;
				GCC_WARN_UNUSED_VARIABLE = YES;
				IPHONEOS_DEPLOYMENT_TARGET = 8.3;
				MTL_ENABLE_DEBUG_INFO = YES;
				ONLY_ACTIVE_ARCH = YES;
				SDKROOT = iphoneos;
				SWIFT_OPTIMIZATION_LEVEL = "-Onone";
			};
			name = Debug;
		};
		4506C35C1B562323007BF92C /* Release */ = {
			isa = XCBuildConfiguration;
			buildSettings = {
				ALWAYS_SEARCH_USER_PATHS = NO;
				CLANG_CXX_LANGUAGE_STANDARD = "gnu++0x";
				CLANG_CXX_LIBRARY = "libc++";
				CLANG_ENABLE_MODULES = YES;
				CLANG_ENABLE_OBJC_ARC = YES;
				CLANG_WARN_BOOL_CONVERSION = YES;
				CLANG_WARN_CONSTANT_CONVERSION = YES;
				CLANG_WARN_DIRECT_OBJC_ISA_USAGE = YES_ERROR;
				CLANG_WARN_EMPTY_BODY = YES;
				CLANG_WARN_ENUM_CONVERSION = YES;
				CLANG_WARN_INFINITE_RECURSION = YES;
				CLANG_WARN_INT_CONVERSION = YES;
				CLANG_WARN_OBJC_ROOT_CLASS = YES_ERROR;
				CLANG_WARN_SUSPICIOUS_MOVE = YES;
				CLANG_WARN_UNREACHABLE_CODE = YES;
				CLANG_WARN__DUPLICATE_METHOD_MATCH = YES;
				"CODE_SIGN_IDENTITY[sdk=iphoneos*]" = "iPhone Developer";
				COPY_PHASE_STRIP = NO;
				DEBUG_INFORMATION_FORMAT = "dwarf-with-dsym";
				ENABLE_NS_ASSERTIONS = NO;
				ENABLE_STRICT_OBJC_MSGSEND = YES;
				GCC_C_LANGUAGE_STANDARD = gnu99;
				GCC_NO_COMMON_BLOCKS = YES;
				GCC_WARN_64_TO_32_BIT_CONVERSION = YES;
				GCC_WARN_ABOUT_RETURN_TYPE = YES_ERROR;
				GCC_WARN_UNDECLARED_SELECTOR = YES;
				GCC_WARN_UNINITIALIZED_AUTOS = YES_AGGRESSIVE;
				GCC_WARN_UNUSED_FUNCTION = YES;
				GCC_WARN_UNUSED_VARIABLE = YES;
				IPHONEOS_DEPLOYMENT_TARGET = 8.3;
				MTL_ENABLE_DEBUG_INFO = NO;
				SDKROOT = iphoneos;
				SWIFT_OPTIMIZATION_LEVEL = "-Owholemodule";
				VALIDATE_PRODUCT = YES;
			};
			name = Release;
		};
		4506C35E1B562323007BF92C /* Debug */ = {
			isa = XCBuildConfiguration;
			buildSettings = {
				ASSETCATALOG_COMPILER_APPICON_NAME = AppIcon;
				CODE_SIGN_IDENTITY = "iPhone Developer";
				"CODE_SIGN_IDENTITY[sdk=iphoneos*]" = "iPhone Developer";
				INFOPLIST_FILE = "Pitch Perfect/Info.plist";
				LD_RUNPATH_SEARCH_PATHS = "$(inherited) @executable_path/Frameworks";
				PRODUCT_BUNDLE_IDENTIFIER = "com.udacity.$(PRODUCT_NAME:rfc1034identifier)";
				PRODUCT_NAME = "$(TARGET_NAME)";
				PROVISIONING_PROFILE = "";
				SWIFT_VERSION = 3.0;
			};
			name = Debug;
		};
		4506C35F1B562323007BF92C /* Release */ = {
			isa = XCBuildConfiguration;
			buildSettings = {
				ASSETCATALOG_COMPILER_APPICON_NAME = AppIcon;
				CODE_SIGN_IDENTITY = "iPhone Developer";
				"CODE_SIGN_IDENTITY[sdk=iphoneos*]" = "iPhone Developer";
				INFOPLIST_FILE = "Pitch Perfect/Info.plist";
				LD_RUNPATH_SEARCH_PATHS = "$(inherited) @executable_path/Frameworks";
				PRODUCT_BUNDLE_IDENTIFIER = "com.udacity.$(PRODUCT_NAME:rfc1034identifier)";
				PRODUCT_NAME = "$(TARGET_NAME)";
				PROVISIONING_PROFILE = "";
				SWIFT_VERSION = 3.0;
			};
			name = Release;
		};
		4506C3611B562323007BF92C /* Debug */ = {
			isa = XCBuildConfiguration;
			buildSettings = {
				BUNDLE_LOADER = "$(TEST_HOST)";
				FRAMEWORK_SEARCH_PATHS = (
					"$(SDKROOT)/Developer/Library/Frameworks",
					"$(inherited)",
				);
				GCC_PREPROCESSOR_DEFINITIONS = (
					"DEBUG=1",
					"$(inherited)",
				);
				INFOPLIST_FILE = "Pitch PerfectTests/Info.plist";
				LD_RUNPATH_SEARCH_PATHS = "$(inherited) @executable_path/Frameworks @loader_path/Frameworks";
				PRODUCT_BUNDLE_IDENTIFIER = "com.udacity.$(PRODUCT_NAME:rfc1034identifier)";
				PRODUCT_NAME = "$(TARGET_NAME)";
				SWIFT_VERSION = 3.0;
				TEST_HOST = "$(BUILT_PRODUCTS_DIR)/Pitch Perfect.app/Pitch Perfect";
			};
			name = Debug;
		};
		4506C3621B562323007BF92C /* Release */ = {
			isa = XCBuildConfiguration;
			buildSettings = {
				BUNDLE_LOADER = "$(TEST_HOST)";
				FRAMEWORK_SEARCH_PATHS = (
					"$(SDKROOT)/Developer/Library/Frameworks",
					"$(inherited)",
				);
				INFOPLIST_FILE = "Pitch PerfectTests/Info.plist";
				LD_RUNPATH_SEARCH_PATHS = "$(inherited) @executable_path/Frameworks @loader_path/Frameworks";
				PRODUCT_BUNDLE_IDENTIFIER = "com.udacity.$(PRODUCT_NAME:rfc1034identifier)";
				PRODUCT_NAME = "$(TARGET_NAME)";
				SWIFT_VERSION = 3.0;
				TEST_HOST = "$(BUILT_PRODUCTS_DIR)/Pitch Perfect.app/Pitch Perfect";
			};
			name = Release;
		};
/* End XCBuildConfiguration section */

/* Begin XCConfigurationList section */
		4506C3391B562323007BF92C /* Build configuration list for PBXProject "Pitch Perfect" */ = {
			isa = XCConfigurationList;
			buildConfigurations = (
				4506C35B1B562323007BF92C /* Debug */,
				4506C35C1B562323007BF92C /* Release */,
			);
			defaultConfigurationIsVisible = 0;
			defaultConfigurationName = Release;
		};
		4506C35D1B562323007BF92C /* Build configuration list for PBXNativeTarget "Pitch Perfect" */ = {
			isa = XCConfigurationList;
			buildConfigurations = (
				4506C35E1B562323007BF92C /* Debug */,
				4506C35F1B562323007BF92C /* Release */,
			);
			defaultConfigurationIsVisible = 0;
			defaultConfigurationName = Release;
		};
		4506C3601B562323007BF92C /* Build configuration list for PBXNativeTarget "Pitch PerfectTests" */ = {
			isa = XCConfigurationList;
			buildConfigurations = (
				4506C3611B562323007BF92C /* Debug */,
				4506C3621B562323007BF92C /* Release */,
			);
			defaultConfigurationIsVisible = 0;
			defaultConfigurationName = Release;
		};
/* End XCConfigurationList section */
	};
	rootObject = 4506C3361B562323007BF92C /* Project object */;
}
